
Microsoft Visual Studio Solution File, Format Version 11.00
# Visual Studio 2010
Project("{FAE04EC0-301F-11D3-BF4B-00C04F79EFBC}") = "Escena", "Assembly-CSharp.csproj", "{13723BB1-69D9-1133-015B-872EB4EDAEF6}"
EndProject
Project("{FAE04EC0-301F-11D3-BF4B-00C04F79EFBC}") = "Escena", "Assembly-CSharp-firstpass.csproj", "{592C02D7-693C-E98F-975D-F82DE144ED1F}"
EndProject
Project("{FAE04EC0-301F-11D3-BF4B-00C04F79EFBC}") = "Escena", "Assembly-CSharp-Editor.csproj", "{AB83E7CF-C8A1-DA29-328E-37454E82BC56}"
EndProject
Global
	GlobalSection(SolutionConfigurationPlatforms) = preSolution
		Debug|Any CPU = Debug|Any CPU
		Release|Any CPU = Release|Any CPU
	EndGlobalSection
	GlobalSection(ProjectConfigurationPlatforms) = postSolution
		{13723BB1-69D9-1133-015B-872EB4EDAEF6}.Debug|Any CPU.ActiveCfg = Debug|Any CPU
		{13723BB1-69D9-1133-015B-872EB4EDAEF6}.Debug|Any CPU.Build.0 = Debug|Any CPU
		{13723BB1-69D9-1133-015B-872EB4EDAEF6}.Release|Any CPU.ActiveCfg = Release|Any CPU
		{13723BB1-69D9-1133-015B-872EB4EDAEF6}.Release|Any CPU.Build.0 = Release|Any CPU
		{592C02D7-693C-E98F-975D-F82DE144ED1F}.Debug|Any CPU.ActiveCfg = Debug|Any CPU
		{592C02D7-693C-E98F-975D-F82DE144ED1F}.Debug|Any CPU.Build.0 = Debug|Any CPU
		{592C02D7-693C-E98F-975D-F82DE144ED1F}.Release|Any CPU.ActiveCfg = Release|Any CPU
		{592C02D7-693C-E98F-975D-F82DE144ED1F}.Release|Any CPU.Build.0 = Release|Any CPU
		{AB83E7CF-C8A1-DA29-328E-37454E82BC56}.Debug|Any CPU.ActiveCfg = Debug|Any CPU
		{AB83E7CF-C8A1-DA29-328E-37454E82BC56}.Debug|Any CPU.Build.0 = Debug|Any CPU
		{AB83E7CF-C8A1-DA29-328E-37454E82BC56}.Release|Any CPU.ActiveCfg = Release|Any CPU
		{AB83E7CF-C8A1-DA29-328E-37454E82BC56}.Release|Any CPU.Build.0 = Release|Any CPU
	EndGlobalSection
	GlobalSection(SolutionProperties) = preSolution
		HideSolutionNode = FALSE
	EndGlobalSection
	GlobalSection(MonoDevelopProperties) = preSolution
		StartupItem = Assembly-CSharp.csproj
	EndGlobalSection
EndGlobal
